# THIS IS AN AUTOGENERATED FILE. DO NOT EDIT THIS FILE DIRECTLY.
# yarn lockfile v1


"@types/faker@^6.6.9":
  "integrity" "sha512-Y9YYm5L//8ooiiknO++4Gr539zzdI0j3aXnOBjo1Vk+kTvffY10GuE2wn78AFPECwZ5MYGTjiDVw1naLLdDimw=="
  "resolved" "https://registry.npmjs.org/@types/faker/-/faker-6.6.9.tgz"
  "version" "6.6.9"
  dependencies:
    "faker" "*"

"@types/googlemaps@^3.43.3":
  "integrity" "sha512-ZWNoz/O8MPEpiajvj7QiqCY8tTLFNqNZ/a+s+zTV58wFVNAvvqV4bdGfnsjTb5Cs4V6wEsLrX8XRhmnyYJ2Tdg=="
  "resolved" "https://registry.npmjs.org/@types/googlemaps/-/googlemaps-3.43.3.tgz"
  "version" "3.43.3"

"faker@*", "faker@^5.5.3":
  "integrity" "sha512-wLTv2a28wjUyWkbnX7u/ABZBkUkIF2fCd73V6P2oFqEGEktDfzWx4UxrSqtPRw0xPRAcjeAOIiJWqZm3pP4u3g=="
  "resolved" "https://registry.npmjs.org/faker/-/faker-5.5.3.tgz"
  "version" "5.5.3"

"typescript@^4.6.4":
  "integrity" "sha512-9ia/jWHIEbo49HfjrLGfKbZSuWo9iTMwXO+Ca3pRsSpbsMbc7/IU8NKdCZVRRBafVPGnoJeFL76ZOAA84I9fEg=="
  "resolved" "https://registry.npmjs.org/typescript/-/typescript-4.6.4.tgz"
  "version" "4.6.4"
